
Microsoft Visual Studio Solution File, Format Version 12.00
# Visual Studio Version 17
VisualStudioVersion = 17.7.34221.43
MinimumVisualStudioVersion = 10.0.40219.1
Project("{9A19103F-16F7-4668-BE54-9A1E7A4F7556}") = "Pipeline.UI", "Pipeline.UI.csproj", "{A05F3B7C-C223-4841-B8AA-96F55F07B3F7}"
EndProject
Project("{9A19103F-16F7-4668-BE54-9A1E7A4F7556}") = "PipelineService", "..\PipelineService\PipelineService.csproj", "{64E38DFF-764A-4071-9A31-5F14256DED68}"
EndProject
Global
	GlobalSection(SolutionConfigurationPlatforms) = preSolution
		Debug|Any CPU = Debug|Any CPU
		Release|Any CPU = Release|Any CPU
	EndGlobalSection
	GlobalSection(ProjectConfigurationPlatforms) = postSolution
		{A05F3B7C-C223-4841-B8AA-96F55F07B3F7}.Debug|Any CPU.ActiveCfg = Debug|Any CPU
		{A05F3B7C-C223-4841-B8AA-96F55F07B3F7}.Debug|Any CPU.Build.0 = Debug|Any CPU
		{A05F3B7C-C223-4841-B8AA-96F55F07B3F7}.Release|Any CPU.ActiveCfg = Release|Any CPU
		{A05F3B7C-C223-4841-B8AA-96F55F07B3F7}.Release|Any CPU.Build.0 = Release|Any CPU
		{64E38DFF-764A-4071-9A31-5F14256DED68}.Debug|Any CPU.ActiveCfg = Debug|Any CPU
		{64E38DFF-764A-4071-9A31-5F14256DED68}.Debug|Any CPU.Build.0 = Debug|Any CPU
		{64E38DFF-764A-4071-9A31-5F14256DED68}.Release|Any CPU.ActiveCfg = Release|Any CPU
		{64E38DFF-764A-4071-9A31-5F14256DED68}.Release|Any CPU.Build.0 = Release|Any CPU
	EndGlobalSection
	GlobalSection(SolutionProperties) = preSolution
		HideSolutionNode = FALSE
	EndGlobalSection
	GlobalSection(ExtensibilityGlobals) = postSolution
		SolutionGuid = {6EEBB3B5-6DF4-4C98-98BF-18178D61BAA3}
	EndGlobalSection
EndGlobal
